<Solution>
  <Folder Name="/Additional Items/">
    <File Path=".editorconfig" />
    <File Path=".gitattributes" />
    <File Path=".gitignore" />
    <File Path="Directory.Build.props" />
    <File Path="Directory.Build.targets" />
    <File Path="Directory.Packages.props" />
    <File Path="global.json" />
    <File Path="icon.png" />
    <File Path="LICENSE.txt" />
    <File Path="NuGet.config" />
    <File Path="README.md" />
  </Folder>
  <Folder Name="/Additional Items/Package/">
    <File Path="src/Directory.Build.props" />
    <File Path="src/Directory.Build.targets" />
    <File Path="src/Directory.Packages.props" />
  </Folder>
  <Folder Name="/Additional Items/Workflows/">
    <File Path=".github/workflows/build.yaml" />
    <File Path=".github/workflows/publish.yaml" />
  </Folder>
</Solution>
